
Microsoft Visual Studio Solution File, Format Version 12.00
# Visual Studio 15
VisualStudioVersion = 15.0.28307.902
MinimumVisualStudioVersion = 10.0.40219.1
Project("{FAE04EC0-301F-11D3-BF4B-00C04F79EFBC}") = "TestOrigin.ATM", "TestOrigin.ATM\TestOrigin.ATM.csproj", "{CAAE47DB-A835-4966-8500-EDE44A79AC70}"
EndProject
Project("{FAE04EC0-301F-11D3-BF4B-00C04F79EFBC}") = "TestOrigin.Business", "TestOrigin.Business\TestOrigin.Business.csproj", "{A82C973F-2970-482B-A32D-4CF086A6668B}"
EndProject
Project("{FAE04EC0-301F-11D3-BF4B-00C04F79EFBC}") = "TestOrigin.DAL", "TestOrigin.DAL\TestOrigin.DAL.csproj", "{134A6AC8-4B86-4AB6-B28C-020D407218E8}"
EndProject
Project("{FAE04EC0-301F-11D3-BF4B-00C04F79EFBC}") = "TestOrigin.Domain", "TestOrigin.Domain\TestOrigin.Domain.csproj", "{5E406512-35C2-4635-ADAA-56EE75F27D0D}"
EndProject
Global
	GlobalSection(SolutionConfigurationPlatforms) = preSolution
		Debug|Any CPU = Debug|Any CPU
		Release|Any CPU = Release|Any CPU
	EndGlobalSection
	GlobalSection(ProjectConfigurationPlatforms) = postSolution
		{CAAE47DB-A835-4966-8500-EDE44A79AC70}.Debug|Any CPU.ActiveCfg = Debug|Any CPU
		{CAAE47DB-A835-4966-8500-EDE44A79AC70}.Debug|Any CPU.Build.0 = Debug|Any CPU
		{CAAE47DB-A835-4966-8500-EDE44A79AC70}.Release|Any CPU.ActiveCfg = Release|Any CPU
		{CAAE47DB-A835-4966-8500-EDE44A79AC70}.Release|Any CPU.Build.0 = Release|Any CPU
		{A82C973F-2970-482B-A32D-4CF086A6668B}.Debug|Any CPU.ActiveCfg = Debug|Any CPU
		{A82C973F-2970-482B-A32D-4CF086A6668B}.Debug|Any CPU.Build.0 = Debug|Any CPU
		{A82C973F-2970-482B-A32D-4CF086A6668B}.Release|Any CPU.ActiveCfg = Release|Any CPU
		{A82C973F-2970-482B-A32D-4CF086A6668B}.Release|Any CPU.Build.0 = Release|Any CPU
		{134A6AC8-4B86-4AB6-B28C-020D407218E8}.Debug|Any CPU.ActiveCfg = Debug|Any CPU
		{134A6AC8-4B86-4AB6-B28C-020D407218E8}.Debug|Any CPU.Build.0 = Debug|Any CPU
		{134A6AC8-4B86-4AB6-B28C-020D407218E8}.Release|Any CPU.ActiveCfg = Release|Any CPU
		{134A6AC8-4B86-4AB6-B28C-020D407218E8}.Release|Any CPU.Build.0 = Release|Any CPU
		{5E406512-35C2-4635-ADAA-56EE75F27D0D}.Debug|Any CPU.ActiveCfg = Debug|Any CPU
		{5E406512-35C2-4635-ADAA-56EE75F27D0D}.Debug|Any CPU.Build.0 = Debug|Any CPU
		{5E406512-35C2-4635-ADAA-56EE75F27D0D}.Release|Any CPU.ActiveCfg = Release|Any CPU
		{5E406512-35C2-4635-ADAA-56EE75F27D0D}.Release|Any CPU.Build.0 = Release|Any CPU
	EndGlobalSection
	GlobalSection(SolutionProperties) = preSolution
		HideSolutionNode = FALSE
	EndGlobalSection
	GlobalSection(ExtensibilityGlobals) = postSolution
		SolutionGuid = {B7636364-4AB9-433C-94CF-FF22DBE93BBE}
	EndGlobalSection
EndGlobal
